
Microsoft Visual Studio Solution File, Format Version 12.00
# Visual Studio 15
VisualStudioVersion = 15.0.26228.12
MinimumVisualStudioVersion = 10.0.40219.1
Project("{FAE04EC0-301F-11D3-BF4B-00C04F79EFBC}") = "DeAguaPura", "DeAguaPura\DeAguaPura.csproj", "{E706074A-8D4D-46BE-9F0E-A5077232C14B}"
EndProject
Global
	GlobalSection(SolutionConfigurationPlatforms) = preSolution
		Debug|Any CPU = Debug|Any CPU
		Release|Any CPU = Release|Any CPU
	EndGlobalSection
	GlobalSection(ProjectConfigurationPlatforms) = postSolution
		{E706074A-8D4D-46BE-9F0E-A5077232C14B}.Debug|Any CPU.ActiveCfg = Debug|Any CPU
		{E706074A-8D4D-46BE-9F0E-A5077232C14B}.Debug|Any CPU.Build.0 = Debug|Any CPU
		{E706074A-8D4D-46BE-9F0E-A5077232C14B}.Release|Any CPU.ActiveCfg = Release|Any CPU
		{E706074A-8D4D-46BE-9F0E-A5077232C14B}.Release|Any CPU.Build.0 = Release|Any CPU
	EndGlobalSection
	GlobalSection(SolutionProperties) = preSolution
		HideSolutionNode = FALSE
	EndGlobalSection
EndGlobal
